
Microsoft Visual Studio Solution File, Format Version 12.00
# Visual Studio Version 17
VisualStudioVersion = 17.6.33723.286
MinimumVisualStudioVersion = 10.0.40219.1
Project("{FAE04EC0-301F-11D3-BF4B-00C04F79EFBC}") = "HouseRentingSystem.Web", "HouseRentingSystem.Web.csproj", "{87AA5105-72F2-4260-A162-18358A4C3F9E}"
EndProject
Global
	GlobalSection(SolutionConfigurationPlatforms) = preSolution
		Debug|Any CPU = Debug|Any CPU
		Release|Any CPU = Release|Any CPU
	EndGlobalSection
	GlobalSection(ProjectConfigurationPlatforms) = postSolution
		{87AA5105-72F2-4260-A162-18358A4C3F9E}.Debug|Any CPU.ActiveCfg = Debug|Any CPU
		{87AA5105-72F2-4260-A162-18358A4C3F9E}.Debug|Any CPU.Build.0 = Debug|Any CPU
		{87AA5105-72F2-4260-A162-18358A4C3F9E}.Release|Any CPU.ActiveCfg = Release|Any CPU
		{87AA5105-72F2-4260-A162-18358A4C3F9E}.Release|Any CPU.Build.0 = Release|Any CPU
	EndGlobalSection
	GlobalSection(SolutionProperties) = preSolution
		HideSolutionNode = FALSE
	EndGlobalSection
	GlobalSection(ExtensibilityGlobals) = postSolution
		SolutionGuid = {C4725384-DE50-44F0-A114-15A9CDA801E1}
	EndGlobalSection
EndGlobal
